
Microsoft Visual Studio Solution File, Format Version 12.00
# Visual Studio Version 17
VisualStudioVersion = 17.7.34221.43
MinimumVisualStudioVersion = 10.0.40219.1
Project("{FAE04EC0-301F-11D3-BF4B-00C04F79EFBC}") = "PICROSS", "PICROSS\PICROSS.csproj", "{BB9EBD49-3FCF-4862-B854-591BB503F430}"
EndProject
Project("{FAE04EC0-301F-11D3-BF4B-00C04F79EFBC}") = "PICROSSCommon", "PICROSSCommon\PICROSSCommon.csproj", "{598477B8-B96A-4D4B-9C04-A2A4F6AAF50C}"
EndProject
Project("{FAE04EC0-301F-11D3-BF4B-00C04F79EFBC}") = "CreatePICROSS", "CreatePICROSS\CreatePICROSS.csproj", "{7BEDBBF5-240F-4565-BC2D-3B1F52DBFD46}"
EndProject
Global
	GlobalSection(SolutionConfigurationPlatforms) = preSolution
		Debug|Any CPU = Debug|Any CPU
		Release|Any CPU = Release|Any CPU
	EndGlobalSection
	GlobalSection(ProjectConfigurationPlatforms) = postSolution
		{BB9EBD49-3FCF-4862-B854-591BB503F430}.Debug|Any CPU.ActiveCfg = Debug|Any CPU
		{BB9EBD49-3FCF-4862-B854-591BB503F430}.Debug|Any CPU.Build.0 = Debug|Any CPU
		{BB9EBD49-3FCF-4862-B854-591BB503F430}.Debug|Any CPU.Deploy.0 = Debug|Any CPU
		{BB9EBD49-3FCF-4862-B854-591BB503F430}.Release|Any CPU.ActiveCfg = Release|Any CPU
		{BB9EBD49-3FCF-4862-B854-591BB503F430}.Release|Any CPU.Build.0 = Release|Any CPU
		{BB9EBD49-3FCF-4862-B854-591BB503F430}.Release|Any CPU.Deploy.0 = Release|Any CPU
		{598477B8-B96A-4D4B-9C04-A2A4F6AAF50C}.Debug|Any CPU.ActiveCfg = Debug|Any CPU
		{598477B8-B96A-4D4B-9C04-A2A4F6AAF50C}.Debug|Any CPU.Build.0 = Debug|Any CPU
		{598477B8-B96A-4D4B-9C04-A2A4F6AAF50C}.Release|Any CPU.ActiveCfg = Release|Any CPU
		{598477B8-B96A-4D4B-9C04-A2A4F6AAF50C}.Release|Any CPU.Build.0 = Release|Any CPU
		{7BEDBBF5-240F-4565-BC2D-3B1F52DBFD46}.Debug|Any CPU.ActiveCfg = Debug|Any CPU
		{7BEDBBF5-240F-4565-BC2D-3B1F52DBFD46}.Debug|Any CPU.Build.0 = Debug|Any CPU
		{7BEDBBF5-240F-4565-BC2D-3B1F52DBFD46}.Debug|Any CPU.Deploy.0 = Debug|Any CPU
		{7BEDBBF5-240F-4565-BC2D-3B1F52DBFD46}.Release|Any CPU.ActiveCfg = Release|Any CPU
		{7BEDBBF5-240F-4565-BC2D-3B1F52DBFD46}.Release|Any CPU.Build.0 = Release|Any CPU
		{7BEDBBF5-240F-4565-BC2D-3B1F52DBFD46}.Release|Any CPU.Deploy.0 = Release|Any CPU
	EndGlobalSection
	GlobalSection(SolutionProperties) = preSolution
		HideSolutionNode = FALSE
	EndGlobalSection
	GlobalSection(ExtensibilityGlobals) = postSolution
		SolutionGuid = {34C4DC48-C8E1-4ECF-B1CF-0A71573C121E}
	EndGlobalSection
EndGlobal
